
Microsoft Visual Studio Solution File, Format Version 12.00
# Visual Studio Version 16
VisualStudioVersion = 16.0.30503.244
MinimumVisualStudioVersion = 10.0.40219.1
Project("{9A19103F-16F7-4668-BE54-9A1E7A4F7556}") = "Homework9", "Homework9\Homework9.csproj", "{99874EA4-D630-4870-B332-6DB9A43C477E}"
EndProject
Project("{FAE04EC0-301F-11D3-BF4B-00C04F79EFBC}") = "winFormRe", "winFormRe\winFormRe.csproj", "{675BC6A5-2D58-429B-80B2-1B31D8C44AF9}"
EndProject
Global
	GlobalSection(SolutionConfigurationPlatforms) = preSolution
		Debug|Any CPU = Debug|Any CPU
		Release|Any CPU = Release|Any CPU
	EndGlobalSection
	GlobalSection(ProjectConfigurationPlatforms) = postSolution
		{99874EA4-D630-4870-B332-6DB9A43C477E}.Debug|Any CPU.ActiveCfg = Debug|Any CPU
		{99874EA4-D630-4870-B332-6DB9A43C477E}.Debug|Any CPU.Build.0 = Debug|Any CPU
		{99874EA4-D630-4870-B332-6DB9A43C477E}.Release|Any CPU.ActiveCfg = Release|Any CPU
		{99874EA4-D630-4870-B332-6DB9A43C477E}.Release|Any CPU.Build.0 = Release|Any CPU
		{675BC6A5-2D58-429B-80B2-1B31D8C44AF9}.Debug|Any CPU.ActiveCfg = Debug|Any CPU
		{675BC6A5-2D58-429B-80B2-1B31D8C44AF9}.Debug|Any CPU.Build.0 = Debug|Any CPU
		{675BC6A5-2D58-429B-80B2-1B31D8C44AF9}.Release|Any CPU.ActiveCfg = Release|Any CPU
		{675BC6A5-2D58-429B-80B2-1B31D8C44AF9}.Release|Any CPU.Build.0 = Release|Any CPU
	EndGlobalSection
	GlobalSection(SolutionProperties) = preSolution
		HideSolutionNode = FALSE
	EndGlobalSection
	GlobalSection(ExtensibilityGlobals) = postSolution
		SolutionGuid = {E4126AA6-4C68-41F3-B3F7-7F72EEC93535}
	EndGlobalSection
EndGlobal
